
Microsoft Visual Studio Solution File, Format Version 12.00
# Visual Studio Version 17
VisualStudioVersion = 17.8.34525.116
MinimumVisualStudioVersion = 10.0.40219.1
Project("{2150E333-8FDC-42A3-9474-1A3956D46DE8}") = "Services", "Services", "{24CAB447-DFD7-4A32-A3A9-3AD61ED3BD29}"
EndProject
Project("{2150E333-8FDC-42A3-9474-1A3956D46DE8}") = "Catalog", "Catalog", "{4454C7B5-60D3-4F1C-A9F7-5DFCFF5E7D85}"
EndProject
Project("{9A19103F-16F7-4668-BE54-9A1E7A4F7556}") = "Catalog.API", "Services\Catalog\Catalog.API\Catalog.API.csproj", "{C7997B82-8341-4592-A764-F754264F6FD6}"
EndProject
Project("{2150E333-8FDC-42A3-9474-1A3956D46DE8}") = "BuildingBlocks", "BuildingBlocks", "{25BEE7DF-C67B-47CA-8F74-ABD54B1E6D70}"
EndProject
Project("{9A19103F-16F7-4668-BE54-9A1E7A4F7556}") = "BuildingBlocks", "BuildingBlocks\BuildingBlocks\BuildingBlocks.csproj", "{423D86E9-EA35-4B93-BE9F-5B4BD45563D6}"
EndProject
Project("{E53339B2-1760-4266-BCC7-CA923CBCF16C}") = "docker-compose", "docker-compose.dcproj", "{1BE3C61C-9D7C-4CF7-A019-25DEEB5474A3}"
EndProject
Project("{2150E333-8FDC-42A3-9474-1A3956D46DE8}") = "Basket", "Basket", "{0F0B91FD-B9B7-492A-9EDA-5199932E1849}"
EndProject
Project("{9A19103F-16F7-4668-BE54-9A1E7A4F7556}") = "Basket.API", "Services\Basket\Basket.API\Basket.API.csproj", "{89BE07B7-2CB1-44D2-B7D4-85F6EDA51B4C}"
EndProject
Project("{2150E333-8FDC-42A3-9474-1A3956D46DE8}") = "Discount", "Discount", "{BB313888-92B2-4022-A2EF-6D78EC709DF1}"
EndProject
Project("{9A19103F-16F7-4668-BE54-9A1E7A4F7556}") = "Discount.Grpc", "Services\Discount\Discount.Grpc\Discount.Grpc.csproj", "{FD42AF3D-29AB-4C9A-9012-A43CC1A100D4}"
EndProject
Project("{2150E333-8FDC-42A3-9474-1A3956D46DE8}") = "Ordering", "Ordering", "{7B5E6C5B-A492-4EAE-B0CC-3C76DD4BBC4A}"
EndProject
Project("{FAE04EC0-301F-11D3-BF4B-00C04F79EFBC}") = "Ordering.API", "Services\Ordering\Ordering.API\Ordering.API.csproj", "{19F95128-B25E-42B1-ACEB-E18454EB1B8E}"
EndProject
Global
	GlobalSection(SolutionConfigurationPlatforms) = preSolution
		Debug|Any CPU = Debug|Any CPU
		Release|Any CPU = Release|Any CPU
	EndGlobalSection
	GlobalSection(ProjectConfigurationPlatforms) = postSolution
		{C7997B82-8341-4592-A764-F754264F6FD6}.Debug|Any CPU.ActiveCfg = Debug|Any CPU
		{C7997B82-8341-4592-A764-F754264F6FD6}.Debug|Any CPU.Build.0 = Debug|Any CPU
		{C7997B82-8341-4592-A764-F754264F6FD6}.Release|Any CPU.ActiveCfg = Release|Any CPU
		{C7997B82-8341-4592-A764-F754264F6FD6}.Release|Any CPU.Build.0 = Release|Any CPU
		{423D86E9-EA35-4B93-BE9F-5B4BD45563D6}.Debug|Any CPU.ActiveCfg = Debug|Any CPU
		{423D86E9-EA35-4B93-BE9F-5B4BD45563D6}.Debug|Any CPU.Build.0 = Debug|Any CPU
		{423D86E9-EA35-4B93-BE9F-5B4BD45563D6}.Release|Any CPU.ActiveCfg = Release|Any CPU
		{423D86E9-EA35-4B93-BE9F-5B4BD45563D6}.Release|Any CPU.Build.0 = Release|Any CPU
		{1BE3C61C-9D7C-4CF7-A019-25DEEB5474A3}.Debug|Any CPU.ActiveCfg = Debug|Any CPU
		{1BE3C61C-9D7C-4CF7-A019-25DEEB5474A3}.Debug|Any CPU.Build.0 = Debug|Any CPU
		{1BE3C61C-9D7C-4CF7-A019-25DEEB5474A3}.Release|Any CPU.ActiveCfg = Release|Any CPU
		{1BE3C61C-9D7C-4CF7-A019-25DEEB5474A3}.Release|Any CPU.Build.0 = Release|Any CPU
		{89BE07B7-2CB1-44D2-B7D4-85F6EDA51B4C}.Debug|Any CPU.ActiveCfg = Debug|Any CPU
		{89BE07B7-2CB1-44D2-B7D4-85F6EDA51B4C}.Debug|Any CPU.Build.0 = Debug|Any CPU
		{89BE07B7-2CB1-44D2-B7D4-85F6EDA51B4C}.Release|Any CPU.ActiveCfg = Release|Any CPU
		{89BE07B7-2CB1-44D2-B7D4-85F6EDA51B4C}.Release|Any CPU.Build.0 = Release|Any CPU
		{FD42AF3D-29AB-4C9A-9012-A43CC1A100D4}.Debug|Any CPU.ActiveCfg = Debug|Any CPU
		{FD42AF3D-29AB-4C9A-9012-A43CC1A100D4}.Debug|Any CPU.Build.0 = Debug|Any CPU
		{FD42AF3D-29AB-4C9A-9012-A43CC1A100D4}.Release|Any CPU.ActiveCfg = Release|Any CPU
		{FD42AF3D-29AB-4C9A-9012-A43CC1A100D4}.Release|Any CPU.Build.0 = Release|Any CPU
		{19F95128-B25E-42B1-ACEB-E18454EB1B8E}.Debug|Any CPU.ActiveCfg = Debug|Any CPU
		{19F95128-B25E-42B1-ACEB-E18454EB1B8E}.Debug|Any CPU.Build.0 = Debug|Any CPU
		{19F95128-B25E-42B1-ACEB-E18454EB1B8E}.Release|Any CPU.ActiveCfg = Release|Any CPU
		{19F95128-B25E-42B1-ACEB-E18454EB1B8E}.Release|Any CPU.Build.0 = Release|Any CPU
	EndGlobalSection
	GlobalSection(SolutionProperties) = preSolution
		HideSolutionNode = FALSE
	EndGlobalSection
	GlobalSection(NestedProjects) = preSolution
		{4454C7B5-60D3-4F1C-A9F7-5DFCFF5E7D85} = {24CAB447-DFD7-4A32-A3A9-3AD61ED3BD29}
		{C7997B82-8341-4592-A764-F754264F6FD6} = {4454C7B5-60D3-4F1C-A9F7-5DFCFF5E7D85}
		{423D86E9-EA35-4B93-BE9F-5B4BD45563D6} = {25BEE7DF-C67B-47CA-8F74-ABD54B1E6D70}
		{0F0B91FD-B9B7-492A-9EDA-5199932E1849} = {24CAB447-DFD7-4A32-A3A9-3AD61ED3BD29}
		{89BE07B7-2CB1-44D2-B7D4-85F6EDA51B4C} = {0F0B91FD-B9B7-492A-9EDA-5199932E1849}
		{BB313888-92B2-4022-A2EF-6D78EC709DF1} = {24CAB447-DFD7-4A32-A3A9-3AD61ED3BD29}
		{FD42AF3D-29AB-4C9A-9012-A43CC1A100D4} = {BB313888-92B2-4022-A2EF-6D78EC709DF1}
		{7B5E6C5B-A492-4EAE-B0CC-3C76DD4BBC4A} = {24CAB447-DFD7-4A32-A3A9-3AD61ED3BD29}
		{19F95128-B25E-42B1-ACEB-E18454EB1B8E} = {7B5E6C5B-A492-4EAE-B0CC-3C76DD4BBC4A}
	EndGlobalSection
	GlobalSection(ExtensibilityGlobals) = postSolution
		SolutionGuid = {7D2BD655-BE00-433A-B4EE-40C3A7C99824}
	EndGlobalSection
EndGlobal
